
Microsoft Visual Studio Solution File, Format Version 12.00
# Visual Studio Version 17
VisualStudioVersion = 17.4.33110.190
MinimumVisualStudioVersion = 10.0.40219.1
Project("{FAE04EC0-301F-11D3-BF4B-00C04F79EFBC}") = "funnyface", "funnyface\funnyface.csproj", "{EBE2389A-9F9F-454C-A383-F33236FECABA}"
EndProject
Global
	GlobalSection(SolutionConfigurationPlatforms) = preSolution
		Debug|Any CPU = Debug|Any CPU
		Release|Any CPU = Release|Any CPU
	EndGlobalSection
	GlobalSection(ProjectConfigurationPlatforms) = postSolution
		{EBE2389A-9F9F-454C-A383-F33236FECABA}.Debug|Any CPU.ActiveCfg = Debug|Any CPU
		{EBE2389A-9F9F-454C-A383-F33236FECABA}.Debug|Any CPU.Build.0 = Debug|Any CPU
		{EBE2389A-9F9F-454C-A383-F33236FECABA}.Release|Any CPU.ActiveCfg = Release|Any CPU
		{EBE2389A-9F9F-454C-A383-F33236FECABA}.Release|Any CPU.Build.0 = Release|Any CPU
	EndGlobalSection
	GlobalSection(SolutionProperties) = preSolution
		HideSolutionNode = FALSE
	EndGlobalSection
	GlobalSection(ExtensibilityGlobals) = postSolution
		SolutionGuid = {AA75C440-03B2-4F7F-A005-DE690A74A0D2}
	EndGlobalSection
EndGlobal
